
Microsoft Visual Studio Solution File, Format Version 12.00
# Visual Studio Version 17
VisualStudioVersion = 17.14.36915.13 d17.14
MinimumVisualStudioVersion = 10.0.40219.1
Project("{FAE04EC0-301F-11D3-BF4B-00C04F79EFBC}") = "GeometryShape", "GeometryShape\GeometryShape.csproj", "{04DD99E7-923D-4460-9DA9-9EFA6C8FA7D8}"
EndProject
Global
	GlobalSection(SolutionConfigurationPlatforms) = preSolution
		Debug|Any CPU = Debug|Any CPU
		Release|Any CPU = Release|Any CPU
	EndGlobalSection
	GlobalSection(ProjectConfigurationPlatforms) = postSolution
		{04DD99E7-923D-4460-9DA9-9EFA6C8FA7D8}.Debug|Any CPU.ActiveCfg = Debug|Any CPU
		{04DD99E7-923D-4460-9DA9-9EFA6C8FA7D8}.Debug|Any CPU.Build.0 = Debug|Any CPU
		{04DD99E7-923D-4460-9DA9-9EFA6C8FA7D8}.Release|Any CPU.ActiveCfg = Release|Any CPU
		{04DD99E7-923D-4460-9DA9-9EFA6C8FA7D8}.Release|Any CPU.Build.0 = Release|Any CPU
	EndGlobalSection
	GlobalSection(SolutionProperties) = preSolution
		HideSolutionNode = FALSE
	EndGlobalSection
	GlobalSection(ExtensibilityGlobals) = postSolution
		SolutionGuid = {1B79DF26-29B9-4CA5-AFF7-6D0B4B8DAD0A}
	EndGlobalSection
EndGlobal
